
Microsoft Visual Studio Solution File, Format Version 12.00
# Visual Studio Version 17
VisualStudioVersion = 17.5.33516.290
MinimumVisualStudioVersion = 10.0.40219.1
Project("{FAE04EC0-301F-11D3-BF4B-00C04F79EFBC}") = "Calculatrice_Hypothecaire", "Calculatrice_Hypothecaire\Calculatrice_Hypothecaire.csproj", "{9FF82DEE-9176-4247-8D76-3EBEC13E94F0}"
EndProject
Global
	GlobalSection(SolutionConfigurationPlatforms) = preSolution
		Debug|Any CPU = Debug|Any CPU
		Release|Any CPU = Release|Any CPU
	EndGlobalSection
	GlobalSection(ProjectConfigurationPlatforms) = postSolution
		{9FF82DEE-9176-4247-8D76-3EBEC13E94F0}.Debug|Any CPU.ActiveCfg = Debug|Any CPU
		{9FF82DEE-9176-4247-8D76-3EBEC13E94F0}.Debug|Any CPU.Build.0 = Debug|Any CPU
		{9FF82DEE-9176-4247-8D76-3EBEC13E94F0}.Release|Any CPU.ActiveCfg = Release|Any CPU
		{9FF82DEE-9176-4247-8D76-3EBEC13E94F0}.Release|Any CPU.Build.0 = Release|Any CPU
	EndGlobalSection
	GlobalSection(SolutionProperties) = preSolution
		HideSolutionNode = FALSE
	EndGlobalSection
	GlobalSection(ExtensibilityGlobals) = postSolution
		SolutionGuid = {711FD1B3-B679-46EE-BBFD-6739C1E298AA}
	EndGlobalSection
EndGlobal
